
Microsoft Visual Studio Solution File, Format Version 12.00
# Visual Studio Version 17
VisualStudioVersion = 17.5.33516.290
MinimumVisualStudioVersion = 10.0.40219.1
Project("{FAE04EC0-301F-11D3-BF4B-00C04F79EFBC}") = "AuthenticationServerApi", "AuthenticationServerApi.csproj", "{E624DF93-5DA2-4EC4-93E8-93A402EE490B}"
EndProject
Project("{FAE04EC0-301F-11D3-BF4B-00C04F79EFBC}") = "shared", "..\shared\shared.csproj", "{95D06C1C-E200-4AED-B83C-8BB155738CB2}"
EndProject
Project("{FAE04EC0-301F-11D3-BF4B-00C04F79EFBC}") = "AuthenticationAdminWebPanel", "..\AuthenticationAdminWebPanel\AuthenticationAdminWebPanel.csproj", "{CE0EE713-0FBF-4C57-9F49-E0D7D9AC86B2}"
EndProject
Global
	GlobalSection(SolutionConfigurationPlatforms) = preSolution
		Debug|Any CPU = Debug|Any CPU
		Release|Any CPU = Release|Any CPU
	EndGlobalSection
	GlobalSection(ProjectConfigurationPlatforms) = postSolution
		{E624DF93-5DA2-4EC4-93E8-93A402EE490B}.Debug|Any CPU.ActiveCfg = Debug|Any CPU
		{E624DF93-5DA2-4EC4-93E8-93A402EE490B}.Debug|Any CPU.Build.0 = Debug|Any CPU
		{E624DF93-5DA2-4EC4-93E8-93A402EE490B}.Release|Any CPU.ActiveCfg = Release|Any CPU
		{E624DF93-5DA2-4EC4-93E8-93A402EE490B}.Release|Any CPU.Build.0 = Release|Any CPU
		{95D06C1C-E200-4AED-B83C-8BB155738CB2}.Debug|Any CPU.ActiveCfg = Debug|Any CPU
		{95D06C1C-E200-4AED-B83C-8BB155738CB2}.Debug|Any CPU.Build.0 = Debug|Any CPU
		{95D06C1C-E200-4AED-B83C-8BB155738CB2}.Release|Any CPU.ActiveCfg = Release|Any CPU
		{95D06C1C-E200-4AED-B83C-8BB155738CB2}.Release|Any CPU.Build.0 = Release|Any CPU
		{CE0EE713-0FBF-4C57-9F49-E0D7D9AC86B2}.Debug|Any CPU.ActiveCfg = Debug|Any CPU
		{CE0EE713-0FBF-4C57-9F49-E0D7D9AC86B2}.Debug|Any CPU.Build.0 = Debug|Any CPU
		{CE0EE713-0FBF-4C57-9F49-E0D7D9AC86B2}.Release|Any CPU.ActiveCfg = Release|Any CPU
		{CE0EE713-0FBF-4C57-9F49-E0D7D9AC86B2}.Release|Any CPU.Build.0 = Release|Any CPU
	EndGlobalSection
	GlobalSection(SolutionProperties) = preSolution
		HideSolutionNode = FALSE
	EndGlobalSection
	GlobalSection(ExtensibilityGlobals) = postSolution
		SolutionGuid = {B1E461DE-AE3E-4900-83FF-4FD460EB5EBD}
	EndGlobalSection
EndGlobal
